
Microsoft Visual Studio Solution File, Format Version 12.00
Project("{FAE04EC0-301F-11D3-BF4B-00C04F79EFBC}") = "sk.UI.Mac", "sk.UI.Mac\sk.UI.Mac.csproj", "{4B079C82-732A-4866-BAE2-F596AD9602DC}"
EndProject
Project("{FAE04EC0-301F-11D3-BF4B-00C04F79EFBC}") = "sk.Core", "sk.Core\sk.Core.csproj", "{F1D4A852-2B39-4228-99D4-51E9EC2714ED}"
EndProject
Project("{FAE04EC0-301F-11D3-BF4B-00C04F79EFBC}") = "sk.Players.Generic", "sk.Players.Generic\sk.Players.Generic.csproj", "{C99565DE-F761-4BA9-ADCA-7854FC06F2FB}"
EndProject
Project("{FAE04EC0-301F-11D3-BF4B-00C04F79EFBC}") = "sk.Players.Mac.AppleMusic", "sk.Players.Mac.AppleMusic\sk.Players.Mac.AppleMusic.csproj", "{130EAACD-E714-4486-AD83-2D0220CF676C}"
EndProject
Global
	GlobalSection(SolutionConfigurationPlatforms) = preSolution
		Debug|Any CPU = Debug|Any CPU
		Release|Any CPU = Release|Any CPU
	EndGlobalSection
	GlobalSection(ProjectConfigurationPlatforms) = postSolution
		{4B079C82-732A-4866-BAE2-F596AD9602DC}.Debug|Any CPU.ActiveCfg = Debug|Any CPU
		{4B079C82-732A-4866-BAE2-F596AD9602DC}.Debug|Any CPU.Build.0 = Debug|Any CPU
		{4B079C82-732A-4866-BAE2-F596AD9602DC}.Release|Any CPU.ActiveCfg = Release|Any CPU
		{4B079C82-732A-4866-BAE2-F596AD9602DC}.Release|Any CPU.Build.0 = Release|Any CPU
		{F1D4A852-2B39-4228-99D4-51E9EC2714ED}.Debug|Any CPU.ActiveCfg = Debug|Any CPU
		{F1D4A852-2B39-4228-99D4-51E9EC2714ED}.Debug|Any CPU.Build.0 = Debug|Any CPU
		{F1D4A852-2B39-4228-99D4-51E9EC2714ED}.Release|Any CPU.ActiveCfg = Release|Any CPU
		{F1D4A852-2B39-4228-99D4-51E9EC2714ED}.Release|Any CPU.Build.0 = Release|Any CPU
		{C99565DE-F761-4BA9-ADCA-7854FC06F2FB}.Debug|Any CPU.ActiveCfg = Debug|Any CPU
		{C99565DE-F761-4BA9-ADCA-7854FC06F2FB}.Debug|Any CPU.Build.0 = Debug|Any CPU
		{C99565DE-F761-4BA9-ADCA-7854FC06F2FB}.Release|Any CPU.ActiveCfg = Release|Any CPU
		{C99565DE-F761-4BA9-ADCA-7854FC06F2FB}.Release|Any CPU.Build.0 = Release|Any CPU
		{130EAACD-E714-4486-AD83-2D0220CF676C}.Debug|Any CPU.ActiveCfg = Debug|Any CPU
		{130EAACD-E714-4486-AD83-2D0220CF676C}.Debug|Any CPU.Build.0 = Debug|Any CPU
		{130EAACD-E714-4486-AD83-2D0220CF676C}.Release|Any CPU.ActiveCfg = Release|Any CPU
		{130EAACD-E714-4486-AD83-2D0220CF676C}.Release|Any CPU.Build.0 = Release|Any CPU
	EndGlobalSection
EndGlobal
