
Microsoft Visual Studio Solution File, Format Version 12.00
# Visual Studio Version 16
VisualStudioVersion = 25.0.1705.4
MinimumVisualStudioVersion = 10.0.40219.1
Project("{FAE04EC0-301F-11D3-BF4B-00C04F79EFBC}") = "sk.Core", "sk.Core\sk.Core.csproj", "{84CBE2BD-3178-4F68-AE9F-0A63451D880E}"
EndProject
Project("{FAE04EC0-301F-11D3-BF4B-00C04F79EFBC}") = "sk.UI.Mac", "sk.UI.Mac\sk.UI.Mac.csproj", "{6FD839FA-8DB2-4F98-9C6D-EFFC03B8E7C6}"
EndProject
Project("{FAE04EC0-301F-11D3-BF4B-00C04F79EFBC}") = "sk.Players.Mac.AppleMusic", "sk.Players.Mac.AppleMusic\sk.Players.Mac.AppleMusic.csproj", "{90C0AC8B-E5BF-4FB4-BC22-7064ED14B691}"
EndProject
Project("{2150E333-8FDC-42A3-9474-1A3956D46DE8}") = "Core", "Core", "{C1D225B7-9238-4986-A9C5-DE92A9EC52EA}"
EndProject
Project("{2150E333-8FDC-42A3-9474-1A3956D46DE8}") = "Players", "Players", "{8BA469F1-9DC6-4827-8BA9-FC9D38B95421}"
EndProject
Project("{2150E333-8FDC-42A3-9474-1A3956D46DE8}") = "Mac", "Mac", "{651E152D-C15A-4832-8F69-AF912B1EF732}"
EndProject
Project("{2150E333-8FDC-42A3-9474-1A3956D46DE8}") = "UI", "UI", "{6F36EB1B-AB15-416B-AEC6-FB33A44A6A1F}"
EndProject
Project("{FAE04EC0-301F-11D3-BF4B-00C04F79EFBC}") = "sk.Players.Generic", "sk.Players.Generic\sk.Players.Generic.csproj", "{B4ABC74C-E2BE-4652-B8F0-707DB41EE481}"
EndProject
Project("{FAE04EC0-301F-11D3-BF4B-00C04F79EFBC}") = "sk.Players.Mac.AppleMusic.BindingLibrary", "sk.Players.Mac.AppleMusic.BindingLibrary\sk.Players.Mac.AppleMusic.BindingLibrary.csproj", "{78829F08-909D-4812-A08F-B97935FA93B2}"
EndProject
Global
	GlobalSection(SolutionConfigurationPlatforms) = preSolution
		Debug|Any CPU = Debug|Any CPU
		Release|Any CPU = Release|Any CPU
	EndGlobalSection
	GlobalSection(ProjectConfigurationPlatforms) = postSolution
		{84CBE2BD-3178-4F68-AE9F-0A63451D880E}.Debug|Any CPU.ActiveCfg = Debug|Any CPU
		{84CBE2BD-3178-4F68-AE9F-0A63451D880E}.Debug|Any CPU.Build.0 = Debug|Any CPU
		{84CBE2BD-3178-4F68-AE9F-0A63451D880E}.Release|Any CPU.ActiveCfg = Release|Any CPU
		{84CBE2BD-3178-4F68-AE9F-0A63451D880E}.Release|Any CPU.Build.0 = Release|Any CPU
		{0B8CA004-C932-44D1-A332-F40D254F1A42}.Debug|Any CPU.ActiveCfg = Debug|Any CPU
		{0B8CA004-C932-44D1-A332-F40D254F1A42}.Debug|Any CPU.Build.0 = Debug|Any CPU
		{0B8CA004-C932-44D1-A332-F40D254F1A42}.Release|Any CPU.ActiveCfg = Release|Any CPU
		{0B8CA004-C932-44D1-A332-F40D254F1A42}.Release|Any CPU.Build.0 = Release|Any CPU
		{6FD839FA-8DB2-4F98-9C6D-EFFC03B8E7C6}.Debug|Any CPU.ActiveCfg = Debug|Any CPU
		{6FD839FA-8DB2-4F98-9C6D-EFFC03B8E7C6}.Debug|Any CPU.Build.0 = Debug|Any CPU
		{6FD839FA-8DB2-4F98-9C6D-EFFC03B8E7C6}.Release|Any CPU.ActiveCfg = Release|Any CPU
		{6FD839FA-8DB2-4F98-9C6D-EFFC03B8E7C6}.Release|Any CPU.Build.0 = Release|Any CPU
		{90C0AC8B-E5BF-4FB4-BC22-7064ED14B691}.Debug|Any CPU.ActiveCfg = Debug|Any CPU
		{90C0AC8B-E5BF-4FB4-BC22-7064ED14B691}.Debug|Any CPU.Build.0 = Debug|Any CPU
		{90C0AC8B-E5BF-4FB4-BC22-7064ED14B691}.Release|Any CPU.ActiveCfg = Release|Any CPU
		{90C0AC8B-E5BF-4FB4-BC22-7064ED14B691}.Release|Any CPU.Build.0 = Release|Any CPU
		{B4ABC74C-E2BE-4652-B8F0-707DB41EE481}.Debug|Any CPU.ActiveCfg = Debug|Any CPU
		{B4ABC74C-E2BE-4652-B8F0-707DB41EE481}.Debug|Any CPU.Build.0 = Debug|Any CPU
		{B4ABC74C-E2BE-4652-B8F0-707DB41EE481}.Release|Any CPU.ActiveCfg = Release|Any CPU
		{B4ABC74C-E2BE-4652-B8F0-707DB41EE481}.Release|Any CPU.Build.0 = Release|Any CPU
		{EDE4606C-4391-4AC4-9B00-96B9E9A935EC}.Debug|Any CPU.ActiveCfg = Debug|Any CPU
		{EDE4606C-4391-4AC4-9B00-96B9E9A935EC}.Debug|Any CPU.Build.0 = Debug|Any CPU
		{EDE4606C-4391-4AC4-9B00-96B9E9A935EC}.Release|Any CPU.ActiveCfg = Release|Any CPU
		{EDE4606C-4391-4AC4-9B00-96B9E9A935EC}.Release|Any CPU.Build.0 = Release|Any CPU
		{78829F08-909D-4812-A08F-B97935FA93B2}.Debug|Any CPU.ActiveCfg = Debug|Any CPU
		{78829F08-909D-4812-A08F-B97935FA93B2}.Debug|Any CPU.Build.0 = Debug|Any CPU
		{78829F08-909D-4812-A08F-B97935FA93B2}.Release|Any CPU.ActiveCfg = Release|Any CPU
		{78829F08-909D-4812-A08F-B97935FA93B2}.Release|Any CPU.Build.0 = Release|Any CPU
	EndGlobalSection
	GlobalSection(SolutionProperties) = preSolution
		HideSolutionNode = FALSE
	EndGlobalSection
	GlobalSection(ExtensibilityGlobals) = postSolution
		SolutionGuid = {19704439-94E2-4A13-A7FF-D394DDE190E6}
	EndGlobalSection
	GlobalSection(NestedProjects) = preSolution
		{84CBE2BD-3178-4F68-AE9F-0A63451D880E} = {C1D225B7-9238-4986-A9C5-DE92A9EC52EA}
		{651E152D-C15A-4832-8F69-AF912B1EF732} = {8BA469F1-9DC6-4827-8BA9-FC9D38B95421}
		{90C0AC8B-E5BF-4FB4-BC22-7064ED14B691} = {651E152D-C15A-4832-8F69-AF912B1EF732}
		{6FD839FA-8DB2-4F98-9C6D-EFFC03B8E7C6} = {6F36EB1B-AB15-416B-AEC6-FB33A44A6A1F}
		{B4ABC74C-E2BE-4652-B8F0-707DB41EE481} = {8BA469F1-9DC6-4827-8BA9-FC9D38B95421}
		{EDE4606C-4391-4AC4-9B00-96B9E9A935EC} = {651E152D-C15A-4832-8F69-AF912B1EF732}
		{78829F08-909D-4812-A08F-B97935FA93B2} = {651E152D-C15A-4832-8F69-AF912B1EF732}
	EndGlobalSection
EndGlobal
